<?xml version="1.0" encoding="utf-8"?>
<Project ToolsVersion="4.0" xmlns="http://schemas.microsoft.com/developer/msbuild/2003">
  <ItemGroup>
    <ClCompile Include="src\main.cpp">
      <Filter>src</Filter>
    </ClCompile>
    <ClCompile Include="..\..\..\addons\ofxAnimatable\src\ofxAnimatable.cpp">
      <Filter>addons\ofxAnimatable\src</Filter>
    </ClCompile>
    <ClCompile Include="..\..\..\addons\ofxAnimatable\src\ofxAnimatableFloat.cpp">
      <Filter>addons\ofxAnimatable\src</Filter>
    </ClCompile>
    <ClCompile Include="..\..\..\addons\ofxAnimatable\src\ofxAnimatableOfColor.cpp">
      <Filter>addons\ofxAnimatable\src</Filter>
    </ClCompile>
    <ClCompile Include="..\..\..\addons\ofxAnimatable\src\ofxAnimatableOfPoint.cpp">
      <Filter>addons\ofxAnimatable\src</Filter>
    </ClCompile>
    <ClCompile Include="..\..\..\addons\ofxAnimatable\src\ofxAnimatableQueue.cpp">
      <Filter>addons\ofxAnimatable\src</Filter>
    </ClCompile>
    <ClCompile Include="..\..\..\addons\ofxDSHapVideoPlayer\src\DSUncompressedSampleGrabber.cpp">
      <Filter>addons\ofxDSHapVideoPlayer\src</Filter>
    </ClCompile>
    <ClCompile Include="..\..\..\addons\ofxDSHapVideoPlayer\src\ofxDSHapVideoPlayer.cpp">
      <Filter>addons\ofxDSHapVideoPlayer\src</Filter>
    </ClCompile>
    <ClCompile Include="..\..\..\addons\ofxDSHapVideoPlayer\libs\External\DirectShow\BaseClasses\amextra.cpp">
      <Filter>addons\ofxDSHapVideoPlayer\libs\External\DirectShow\BaseClasses</Filter>
    </ClCompile>
    <ClCompile Include="..\..\..\addons\ofxDSHapVideoPlayer\libs\External\DirectShow\BaseClasses\amfilter.cpp">
      <Filter>addons\ofxDSHapVideoPlayer\libs\External\DirectShow\BaseClasses</Filter>
    </ClCompile>
    <ClCompile Include="..\..\..\addons\ofxDSHapVideoPlayer\libs\External\DirectShow\BaseClasses\amvideo.cpp">
      <Filter>addons\ofxDSHapVideoPlayer\libs\External\DirectShow\BaseClasses</Filter>
    </ClCompile>
    <ClCompile Include="..\..\..\addons\ofxDSHapVideoPlayer\libs\External\DirectShow\BaseClasses\arithutil.cpp">
      <Filter>addons\ofxDSHapVideoPlayer\libs\External\DirectShow\BaseClasses</Filter>
    </ClCompile>
    <ClCompile Include="..\..\..\addons\ofxDSHapVideoPlayer\libs\External\DirectShow\BaseClasses\combase.cpp">
      <Filter>addons\ofxDSHapVideoPlayer\libs\External\DirectShow\BaseClasses</Filter>
    </ClCompile>
    <ClCompile Include="..\..\..\addons\ofxDSHapVideoPlayer\libs\External\DirectShow\BaseClasses\cprop.cpp">
      <Filter>addons\ofxDSHapVideoPlayer\libs\External\DirectShow\BaseClasses</Filter>
    </ClCompile>
    <ClCompile Include="..\..\..\addons\ofxDSHapVideoPlayer\libs\External\DirectShow\BaseClasses\ctlutil.cpp">
      <Filter>addons\ofxDSHapVideoPlayer\libs\External\DirectShow\BaseClasses</Filter>
    </ClCompile>
    <ClCompile Include="..\..\..\addons\ofxDSHapVideoPlayer\libs\External\DirectShow\BaseClasses\ddmm.cpp">
      <Filter>addons\ofxDSHapVideoPlayer\libs\External\DirectShow\BaseClasses</Filter>
    </ClCompile>
    <ClCompile Include="..\..\..\addons\ofxDSHapVideoPlayer\libs\External\DirectShow\BaseClasses\dllentry.cpp">
      <Filter>addons\ofxDSHapVideoPlayer\libs\External\DirectShow\BaseClasses</Filter>
    </ClCompile>
    <ClCompile Include="..\..\..\addons\ofxDSHapVideoPlayer\libs\External\DirectShow\BaseClasses\dllsetup.cpp">
      <Filter>addons\ofxDSHapVideoPlayer\libs\External\DirectShow\BaseClasses</Filter>
    </ClCompile>
    <ClCompile Include="..\..\..\addons\ofxDSHapVideoPlayer\libs\External\DirectShow\BaseClasses\mtype.cpp">
      <Filter>addons\ofxDSHapVideoPlayer\libs\External\DirectShow\BaseClasses</Filter>
    </ClCompile>
    <ClCompile Include="..\..\..\addons\ofxDSHapVideoPlayer\libs\External\DirectShow\BaseClasses\outputq.cpp">
      <Filter>addons\ofxDSHapVideoPlayer\libs\External\DirectShow\BaseClasses</Filter>
    </ClCompile>
    <ClCompile Include="..\..\..\addons\ofxDSHapVideoPlayer\libs\External\DirectShow\BaseClasses\perflog.cpp">
      <Filter>addons\ofxDSHapVideoPlayer\libs\External\DirectShow\BaseClasses</Filter>
    </ClCompile>
    <ClCompile Include="..\..\..\addons\ofxDSHapVideoPlayer\libs\External\DirectShow\BaseClasses\pstream.cpp">
      <Filter>addons\ofxDSHapVideoPlayer\libs\External\DirectShow\BaseClasses</Filter>
    </ClCompile>
    <ClCompile Include="..\..\..\addons\ofxDSHapVideoPlayer\libs\External\DirectShow\BaseClasses\pullpin.cpp">
      <Filter>addons\ofxDSHapVideoPlayer\libs\External\DirectShow\BaseClasses</Filter>
    </ClCompile>
    <ClCompile Include="..\..\..\addons\ofxDSHapVideoPlayer\libs\External\DirectShow\BaseClasses\refclock.cpp">
      <Filter>addons\ofxDSHapVideoPlayer\libs\External\DirectShow\BaseClasses</Filter>
    </ClCompile>
    <ClCompile Include="..\..\..\addons\ofxDSHapVideoPlayer\libs\External\DirectShow\BaseClasses\renbase.cpp">
      <Filter>addons\ofxDSHapVideoPlayer\libs\External\DirectShow\BaseClasses</Filter>
    </ClCompile>
    <ClCompile Include="..\..\..\addons\ofxDSHapVideoPlayer\libs\External\DirectShow\BaseClasses\schedule.cpp">
      <Filter>addons\ofxDSHapVideoPlayer\libs\External\DirectShow\BaseClasses</Filter>
    </ClCompile>
    <ClCompile Include="..\..\..\addons\ofxDSHapVideoPlayer\libs\External\DirectShow\BaseClasses\seekpt.cpp">
      <Filter>addons\ofxDSHapVideoPlayer\libs\External\DirectShow\BaseClasses</Filter>
    </ClCompile>
    <ClCompile Include="..\..\..\addons\ofxDSHapVideoPlayer\libs\External\DirectShow\BaseClasses\source.cpp">
      <Filter>addons\ofxDSHapVideoPlayer\libs\External\DirectShow\BaseClasses</Filter>
    </ClCompile>
    <ClCompile Include="..\..\..\addons\ofxDSHapVideoPlayer\libs\External\DirectShow\BaseClasses\strmctl.cpp">
      <Filter>addons\ofxDSHapVideoPlayer\libs\External\DirectShow\BaseClasses</Filter>
    </ClCompile>
    <ClCompile Include="..\..\..\addons\ofxDSHapVideoPlayer\libs\External\DirectShow\BaseClasses\sysclock.cpp">
      <Filter>addons\ofxDSHapVideoPlayer\libs\External\DirectShow\BaseClasses</Filter>
    </ClCompile>
    <ClCompile Include="..\..\..\addons\ofxDSHapVideoPlayer\libs\External\DirectShow\BaseClasses\transfrm.cpp">
      <Filter>addons\ofxDSHapVideoPlayer\libs\External\DirectShow\BaseClasses</Filter>
    </ClCompile>
    <ClCompile Include="..\..\..\addons\ofxDSHapVideoPlayer\libs\External\DirectShow\BaseClasses\transip.cpp">
      <Filter>addons\ofxDSHapVideoPlayer\libs\External\DirectShow\BaseClasses</Filter>
    </ClCompile>
    <ClCompile Include="..\..\..\addons\ofxDSHapVideoPlayer\libs\External\DirectShow\BaseClasses\videoctl.cpp">
      <Filter>addons\ofxDSHapVideoPlayer\libs\External\DirectShow\BaseClasses</Filter>
    </ClCompile>
    <ClCompile Include="..\..\..\addons\ofxDSHapVideoPlayer\libs\External\DirectShow\BaseClasses\vtrans.cpp">
      <Filter>addons\ofxDSHapVideoPlayer\libs\External\DirectShow\BaseClasses</Filter>
    </ClCompile>
    <ClCompile Include="..\..\..\addons\ofxDSHapVideoPlayer\libs\External\DirectShow\BaseClasses\winctrl.cpp">
      <Filter>addons\ofxDSHapVideoPlayer\libs\External\DirectShow\BaseClasses</Filter>
    </ClCompile>
    <ClCompile Include="..\..\..\addons\ofxDSHapVideoPlayer\libs\External\DirectShow\BaseClasses\winutil.cpp">
      <Filter>addons\ofxDSHapVideoPlayer\libs\External\DirectShow\BaseClasses</Filter>
    </ClCompile>
    <ClCompile Include="..\..\..\addons\ofxDSHapVideoPlayer\libs\External\DirectShow\BaseClasses\wxdebug.cpp">
      <Filter>addons\ofxDSHapVideoPlayer\libs\External\DirectShow\BaseClasses</Filter>
    </ClCompile>
    <ClCompile Include="..\..\..\addons\ofxDSHapVideoPlayer\libs\External\DirectShow\BaseClasses\wxlist.cpp">
      <Filter>addons\ofxDSHapVideoPlayer\libs\External\DirectShow\BaseClasses</Filter>
    </ClCompile>
    <ClCompile Include="..\..\..\addons\ofxDSHapVideoPlayer\libs\External\DirectShow\BaseClasses\wxutil.cpp">
      <Filter>addons\ofxDSHapVideoPlayer\libs\External\DirectShow\BaseClasses</Filter>
    </ClCompile>
    <ClCompile Include="..\..\..\addons\ofxDSHapVideoPlayer\libs\External\snappy\snappy-c.cc">
      <Filter>addons\ofxDSHapVideoPlayer\libs\External\snappy</Filter>
    </ClCompile>
    <ClCompile Include="..\..\..\addons\ofxDSHapVideoPlayer\libs\External\snappy\snappy-sinksource.cc">
      <Filter>addons\ofxDSHapVideoPlayer\libs\External\snappy</Filter>
    </ClCompile>
    <ClCompile Include="..\..\..\addons\ofxDSHapVideoPlayer\libs\External\snappy\snappy-stubs-internal.cc">
      <Filter>addons\ofxDSHapVideoPlayer\libs\External\snappy</Filter>
    </ClCompile>
    <ClCompile Include="..\..\..\addons\ofxDSHapVideoPlayer\libs\External\snappy\snappy.cc">
      <Filter>addons\ofxDSHapVideoPlayer\libs\External\snappy</Filter>
    </ClCompile>
    <ClCompile Include="..\..\..\addons\ofxGui\src\ofxBaseGui.cpp">
      <Filter>addons\ofxGui\src</Filter>
    </ClCompile>
    <ClCompile Include="..\..\..\addons\ofxGui\src\ofxButton.cpp">
      <Filter>addons\ofxGui\src</Filter>
    </ClCompile>
    <ClCompile Include="..\..\..\addons\ofxGui\src\ofxGuiGroup.cpp">
      <Filter>addons\ofxGui\src</Filter>
    </ClCompile>
    <ClCompile Include="..\..\..\addons\ofxGui\src\ofxLabel.cpp">
      <Filter>addons\ofxGui\src</Filter>
    </ClCompile>
    <ClCompile Include="..\..\..\addons\ofxGui\src\ofxPanel.cpp">
      <Filter>addons\ofxGui\src</Filter>
    </ClCompile>
    <ClCompile Include="..\..\..\addons\ofxGui\src\ofxSlider.cpp">
      <Filter>addons\ofxGui\src</Filter>
    </ClCompile>
    <ClCompile Include="..\..\..\addons\ofxGui\src\ofxSliderGroup.cpp">
      <Filter>addons\ofxGui\src</Filter>
    </ClCompile>
    <ClCompile Include="..\..\..\addons\ofxGui\src\ofxToggle.cpp">
      <Filter>addons\ofxGui\src</Filter>
    </ClCompile>
    <ClCompile Include="..\..\..\addons\ofxLayerMask\src\ofxLayerMask.cpp">
      <Filter>addons\ofxLayerMask\src</Filter>
    </ClCompile>
    <ClCompile Include="..\..\..\addons\ofxNetwork\src\ofxTCPClient.cpp">
      <Filter>addons\ofxNetwork\src</Filter>
    </ClCompile>
    <ClCompile Include="..\..\..\addons\ofxNetwork\src\ofxTCPManager.cpp">
      <Filter>addons\ofxNetwork\src</Filter>
    </ClCompile>
    <ClCompile Include="..\..\..\addons\ofxNetwork\src\ofxTCPServer.cpp">
      <Filter>addons\ofxNetwork\src</Filter>
    </ClCompile>
    <ClCompile Include="..\..\..\addons\ofxNetwork\src\ofxUDPManager.cpp">
      <Filter>addons\ofxNetwork\src</Filter>
    </ClCompile>
    <ClCompile Include="..\..\..\addons\ofxXmlSettings\src\ofxXmlSettings.cpp">
      <Filter>addons\ofxXmlSettings\src</Filter>
    </ClCompile>
    <ClCompile Include="..\..\..\addons\ofxXmlSettings\libs\tinyxml.cpp">
      <Filter>addons\ofxXmlSettings\libs</Filter>
    </ClCompile>
    <ClCompile Include="..\..\..\addons\ofxXmlSettings\libs\tinyxmlerror.cpp">
      <Filter>addons\ofxXmlSettings\libs</Filter>
    </ClCompile>
    <ClCompile Include="..\..\..\addons\ofxXmlSettings\libs\tinyxmlparser.cpp">
      <Filter>addons\ofxXmlSettings\libs</Filter>
    </ClCompile>
    <ClCompile Include="src\squareUnit.cpp">
      <Filter>src\square</Filter>
    </ClCompile>
    <ClCompile Include="src\squareMgr.cpp">
      <Filter>src\square</Filter>
    </ClCompile>
    <ClCompile Include="src\ofProjectorApp.cpp">
      <Filter>src</Filter>
    </ClCompile>
    <ClCompile Include="src\ofViewApp.cpp">
      <Filter>src</Filter>
    </ClCompile>
    <ClCompile Include="src\draw\DFlash.cpp">
      <Filter>src\drawer\DElement</Filter>
    </ClCompile>
    <ClCompile Include="src\STest.cpp">
      <Filter>src\scence\SElement</Filter>
    </ClCompile>
    <ClCompile Include="src\draw\DLife.cpp">
      <Filter>src\drawer\DElement</Filter>
    </ClCompile>
    <ClCompile Include="src\draw\DECA.cpp">
      <Filter>src\drawer\DElement</Filter>
    </ClCompile>
    <ClCompile Include="..\..\..\addons\ofxPostGlitch\src\ofxPostGlitch.cpp">
      <Filter>addons\ofxPostGlitch\src</Filter>
    </ClCompile>
    <ClCompile Include="..\..\..\addons\ofxPostProcessing\src\LUTPass.cpp">
      <Filter>addons\ofxPostProcssing\src</Filter>
    </ClCompile>
    <ClCompile Include="..\..\..\addons\ofxPostProcessing\src\NoiseWarpPass.cpp">
      <Filter>addons\ofxPostProcssing\src</Filter>
    </ClCompile>
    <ClCompile Include="..\..\..\addons\ofxPostProcessing\src\PixelatePass.cpp">
      <Filter>addons\ofxPostProcssing\src</Filter>
    </ClCompile>
    <ClCompile Include="..\..\..\addons\ofxPostProcessing\src\PostProcessing.cpp">
      <Filter>addons\ofxPostProcssing\src</Filter>
    </ClCompile>
    <ClCompile Include="..\..\..\addons\ofxPostProcessing\src\RenderPass.cpp">
      <Filter>addons\ofxPostProcssing\src</Filter>
    </ClCompile>
    <ClCompile Include="..\..\..\addons\ofxPostProcessing\src\RGBShiftPass.cpp">
      <Filter>addons\ofxPostProcssing\src</Filter>
    </ClCompile>
    <ClCompile Include="..\..\..\addons\ofxPostProcessing\src\RimHighlightingPass.cpp">
      <Filter>addons\ofxPostProcssing\src</Filter>
    </ClCompile>
    <ClCompile Include="..\..\..\addons\ofxPostProcessing\src\SSAOPass.cpp">
      <Filter>addons\ofxPostProcssing\src</Filter>
    </ClCompile>
    <ClCompile Include="..\..\..\addons\ofxPostProcessing\src\ToonPass.cpp">
      <Filter>addons\ofxPostProcssing\src</Filter>
    </ClCompile>
    <ClCompile Include="..\..\..\addons\ofxPostProcessing\src\VerticalTiltShifPass.cpp">
      <Filter>addons\ofxPostProcssing\src</Filter>
    </ClCompile>
    <ClCompile Include="..\..\..\addons\ofxPostProcessing\src\ZoomBlurPass.cpp">
      <Filter>addons\ofxPostProcssing\src</Filter>
    </ClCompile>
    <ClCompile Include="..\..\..\addons\ofxPostProcessing\src\BleachBypassPass.cpp">
      <Filter>addons\ofxPostProcssing\src</Filter>
    </ClCompile>
    <ClCompile Include="..\..\..\addons\ofxPostProcessing\src\BloomPass.cpp">
      <Filter>addons\ofxPostProcssing\src</Filter>
    </ClCompile>
    <ClCompile Include="..\..\..\addons\ofxPostProcessing\src\ContrastPass.cpp">
      <Filter>addons\ofxPostProcssing\src</Filter>
    </ClCompile>
    <ClCompile Include="..\..\..\addons\ofxPostProcessing\src\ConvolutionPass.cpp">
      <Filter>addons\ofxPostProcssing\src</Filter>
    </ClCompile>
    <ClCompile Include="..\..\..\addons\ofxPostProcessing\src\DofAltPass.cpp">
      <Filter>addons\ofxPostProcssing\src</Filter>
    </ClCompile>
    <ClCompile Include="..\..\..\addons\ofxPostProcessing\src\DofPass.cpp">
      <Filter>addons\ofxPostProcssing\src</Filter>
    </ClCompile>
    <ClCompile Include="..\..\..\addons\ofxPostProcessing\src\EdgePass.cpp">
      <Filter>addons\ofxPostProcssing\src</Filter>
    </ClCompile>
    <ClCompile Include="..\..\..\addons\ofxPostProcessing\src\FakeSSSPass.cpp">
      <Filter>addons\ofxPostProcssing\src</Filter>
    </ClCompile>
    <ClCompile Include="..\..\..\addons\ofxPostProcessing\src\FxaaPass.cpp">
      <Filter>addons\ofxPostProcssing\src</Filter>
    </ClCompile>
    <ClCompile Include="..\..\..\addons\ofxPostProcessing\src\GodRaysPass.cpp">
      <Filter>addons\ofxPostProcssing\src</Filter>
    </ClCompile>
    <ClCompile Include="..\..\..\addons\ofxPostProcessing\src\HorizontalTiltShifPass.cpp">
      <Filter>addons\ofxPostProcssing\src</Filter>
    </ClCompile>
    <ClCompile Include="..\..\..\addons\ofxPostProcessing\src\HsbShiftPass.cpp">
      <Filter>addons\ofxPostProcssing\src</Filter>
    </ClCompile>
    <ClCompile Include="..\..\..\addons\ofxPostProcessing\src\KaleidoscopePass.cpp">
      <Filter>addons\ofxPostProcssing\src</Filter>
    </ClCompile>
    <ClCompile Include="..\..\..\addons\ofxPostProcessing\src\LimbDarkeningPass.cpp">
      <Filter>addons\ofxPostProcssing\src</Filter>
    </ClCompile>
    <ClCompile Include="src\glitchFilter.cpp">
      <Filter>src\filter</Filter>
    </ClCompile>
    <ClCompile Include="src\draw\DCircleLine.cpp">
      <Filter>src\drawer\DElement</Filter>
    </ClCompile>
    <ClCompile Include="src\draw\DSphareParticle.cpp">
      <Filter>src\drawer\DElement</Filter>
    </ClCompile>
    <ClCompile Include="src\draw\DCylinderFlow.cpp">
      <Filter>src\drawer\DElement</Filter>
    </ClCompile>
    <ClCompile Include="src\draw\DDepthRect.cpp">
      <Filter>src\drawer\DElement</Filter>
    </ClCompile>
    <ClCompile Include="src\draw\DStar.cpp">
      <Filter>src\drawer\DElement</Filter>
    </ClCompile>
    <ClCompile Include="src\ofxKMarchingCubes\ofxKMarchingCubes.cpp">
      <Filter>src\ofxKMarchingCubes</Filter>
    </ClCompile>
    <ClCompile Include="src\draw\DMetaball3D.cpp">
      <Filter>src\drawer\DElement</Filter>
    </ClCompile>
    <ClCompile Include="src\draw\DPingPong.cpp">
      <Filter>src\drawer\DElement</Filter>
    </ClCompile>
    <ClCompile Include="src\draw\DMandelbrotSet.cpp">
      <Filter>src\drawer\DElement</Filter>
    </ClCompile>
    <ClCompile Include="src\draw\DJuliaSet.cpp">
      <Filter>src\drawer\DElement</Filter>
    </ClCompile>
    <ClCompile Include="src\draw\DTexturePrimitive.cpp">
      <Filter>src\drawer\DElement</Filter>
    </ClCompile>
    <ClCompile Include="src\draw\DAudioMesh.cpp">
      <Filter>src\drawer\DElement</Filter>
    </ClCompile>
    <ClCompile Include="src\draw\DMoveRect.cpp">
      <Filter>src\drawer\DElement</Filter>
    </ClCompile>
    <ClCompile Include="src\videoMgr.cpp">
      <Filter>src\videoMgr</Filter>
    </ClCompile>
  </ItemGroup>
  <ItemGroup>
    <Filter Include="src">
      <UniqueIdentifier>{d8376475-7454-4a24-b08a-aac121d3ad6f}</UniqueIdentifier>
    </Filter>
    <Filter Include="addons">
      <UniqueIdentifier>{71834F65-F3A9-211E-73B8-DC85}</UniqueIdentifier>
    </Filter>
    <Filter Include="addons\ofxAnimatable">
      <UniqueIdentifier>{76597DE6-6EC6-9B33-AE16-324A}</UniqueIdentifier>
    </Filter>
    <Filter Include="addons\ofxAnimatable\src">
      <UniqueIdentifier>{9A0AF1AC-D8D7-DC08-0B38-3CC3}</UniqueIdentifier>
    </Filter>
    <Filter Include="addons\ofxDSHapVideoPlayer">
      <UniqueIdentifier>{A01D57E3-4385-D279-5442-2B6B}</UniqueIdentifier>
    </Filter>
    <Filter Include="addons\ofxDSHapVideoPlayer\src">
      <UniqueIdentifier>{2212A001-0BCF-A13A-16C5-6E83}</UniqueIdentifier>
    </Filter>
    <Filter Include="addons\ofxDSHapVideoPlayer\libs">
      <UniqueIdentifier>{7B28EEDF-4174-7F03-A853-4E41}</UniqueIdentifier>
    </Filter>
    <Filter Include="addons\ofxDSHapVideoPlayer\libs\External">
      <UniqueIdentifier>{A7F76C80-E25B-683B-2C04-05F9}</UniqueIdentifier>
    </Filter>
    <Filter Include="addons\ofxDSHapVideoPlayer\libs\External\DirectShow">
      <UniqueIdentifier>{DF1A3609-8AFE-8830-5F0B-AE0E}</UniqueIdentifier>
    </Filter>
    <Filter Include="addons\ofxDSHapVideoPlayer\libs\External\DirectShow\BaseClasses">
      <UniqueIdentifier>{CE5AEC84-D7AA-4FC4-3089-C4CE}</UniqueIdentifier>
    </Filter>
    <Filter Include="addons\ofxDSHapVideoPlayer\libs\External\snappy">
      <UniqueIdentifier>{76E73B02-9013-C6B1-E2B9-DFA7}</UniqueIdentifier>
    </Filter>
    <Filter Include="addons\ofxGui">
      <UniqueIdentifier>{4F2A59AF-5F4E-704B-D067-EC13}</UniqueIdentifier>
    </Filter>
    <Filter Include="addons\ofxGui\src">
      <UniqueIdentifier>{645E9533-4DCD-6179-1CDF-CB65}</UniqueIdentifier>
    </Filter>
    <Filter Include="addons\ofxLayerMask">
      <UniqueIdentifier>{09D90818-C615-377F-CFEA-30AC}</UniqueIdentifier>
    </Filter>
    <Filter Include="addons\ofxLayerMask\src">
      <UniqueIdentifier>{42A1695C-5BF0-8BB9-F2AE-187F}</UniqueIdentifier>
    </Filter>
    <Filter Include="addons\ofxNetwork">
      <UniqueIdentifier>{01A15744-29A6-108D-08E9-83A7}</UniqueIdentifier>
    </Filter>
    <Filter Include="addons\ofxNetwork\src">
      <UniqueIdentifier>{3D1C10C7-8F35-E796-9C70-F5F3}</UniqueIdentifier>
    </Filter>
    <Filter Include="addons\ofxXmlSettings">
      <UniqueIdentifier>{877F005D-13E6-0592-1D97-F2E3}</UniqueIdentifier>
    </Filter>
    <Filter Include="addons\ofxXmlSettings\src">
      <UniqueIdentifier>{CCB2AC63-49D2-977C-CFE8-AEAD}</UniqueIdentifier>
    </Filter>
    <Filter Include="addons\ofxXmlSettings\libs">
      <UniqueIdentifier>{687714A8-1662-FA1C-261F-50F0}</UniqueIdentifier>
    </Filter>
    <Filter Include="src\square">
      <UniqueIdentifier>{e9507896-4bb2-444c-9155-e83508482bea}</UniqueIdentifier>
    </Filter>
    <Filter Include="src\drawer">
      <UniqueIdentifier>{536b52a4-8346-4fd4-b4be-6787c41d8f90}</UniqueIdentifier>
    </Filter>
    <Filter Include="src\drawer\DElement">
      <UniqueIdentifier>{aaf15ab3-2958-439f-8b03-37b8904fed82}</UniqueIdentifier>
    </Filter>
    <Filter Include="src\drawer\base">
      <UniqueIdentifier>{6666c727-b6c9-4423-a2f9-9c671d3bbe98}</UniqueIdentifier>
    </Filter>
    <Filter Include="src\scence">
      <UniqueIdentifier>{e520d0e6-15ca-4ed3-8c37-9d78be02925a}</UniqueIdentifier>
    </Filter>
    <Filter Include="src\scence\SElement">
      <UniqueIdentifier>{bae81623-3846-41e7-8794-4f6e7d375b55}</UniqueIdentifier>
    </Filter>
    <Filter Include="src\scence\base">
      <UniqueIdentifier>{17242abd-b156-48f1-87f3-4cd884769c9e}</UniqueIdentifier>
    </Filter>
    <Filter Include="addons\ofxPostGlitch">
      <UniqueIdentifier>{973baac8-68b6-43dc-995c-3371031d6828}</UniqueIdentifier>
    </Filter>
    <Filter Include="addons\ofxPostGlitch\src">
      <UniqueIdentifier>{0f65677a-779b-443f-8eaf-28c339fc3646}</UniqueIdentifier>
    </Filter>
    <Filter Include="addons\ofxPostProcssing">
      <UniqueIdentifier>{a055efae-951a-438c-9b4e-c67595f13271}</UniqueIdentifier>
    </Filter>
    <Filter Include="addons\ofxPostProcssing\src">
      <UniqueIdentifier>{1336da78-5ee7-4335-9030-e61f08f02b20}</UniqueIdentifier>
    </Filter>
    <Filter Include="src\filter">
      <UniqueIdentifier>{e537cc41-463e-4d34-8ca2-565f3d43d653}</UniqueIdentifier>
    </Filter>
    <Filter Include="src\ofxKMarchingCubes">
      <UniqueIdentifier>{1cca939c-dd56-4f4c-871b-f87860389bd1}</UniqueIdentifier>
    </Filter>
    <Filter Include="shader">
      <UniqueIdentifier>{3bd973bd-a509-4dd1-aedc-47fcae5bc0f3}</UniqueIdentifier>
    </Filter>
    <Filter Include="shader\mandelbrot">
      <UniqueIdentifier>{8c540f24-3403-479d-9891-b4cd2d5a511b}</UniqueIdentifier>
    </Filter>
    <Filter Include="shader\mandelbrot\GL2">
      <UniqueIdentifier>{e11342a9-280a-4493-b147-9896d43e9b0f}</UniqueIdentifier>
    </Filter>
    <Filter Include="shader\mandelbrot\GL3">
      <UniqueIdentifier>{e123aff5-009a-4148-8cde-2eed5c94c060}</UniqueIdentifier>
    </Filter>
    <Filter Include="shader\julia">
      <UniqueIdentifier>{7ec94494-c19a-40a3-91e4-0606d045172d}</UniqueIdentifier>
    </Filter>
    <Filter Include="shader\julia\GL2">
      <UniqueIdentifier>{2d4fecbb-d52a-496e-a109-614a8f85fa03}</UniqueIdentifier>
    </Filter>
    <Filter Include="shader\julia\GL3">
      <UniqueIdentifier>{e3e02347-6c0c-419c-a10e-e03b03f2b066}</UniqueIdentifier>
    </Filter>
    <Filter Include="src\camera">
      <UniqueIdentifier>{937f6d56-57d0-4242-8d8c-c959927d532e}</UniqueIdentifier>
    </Filter>
    <Filter Include="src\videoMgr">
      <UniqueIdentifier>{fff6c8c6-3d13-46cb-8cd8-707305fb9cf2}</UniqueIdentifier>
    </Filter>
  </ItemGroup>
  <ItemGroup>
    <ClInclude Include="..\..\..\addons\ofxAnimatable\src\ofxAnimatable.h">
      <Filter>addons\ofxAnimatable\src</Filter>
    </ClInclude>
    <ClInclude Include="..\..\..\addons\ofxAnimatable\src\ofxAnimatableFloat.h">
      <Filter>addons\ofxAnimatable\src</Filter>
    </ClInclude>
    <ClInclude Include="..\..\..\addons\ofxAnimatable\src\ofxAnimatableOfColor.h">
      <Filter>addons\ofxAnimatable\src</Filter>
    </ClInclude>
    <ClInclude Include="..\..\..\addons\ofxAnimatable\src\ofxAnimatableOfPoint.h">
      <Filter>addons\ofxAnimatable\src</Filter>
    </ClInclude>
    <ClInclude Include="..\..\..\addons\ofxAnimatable\src\ofxAnimatableQueue.h">
      <Filter>addons\ofxAnimatable\src</Filter>
    </ClInclude>
    <ClInclude Include="..\..\..\addons\ofxDSHapVideoPlayer\src\DSShared.h">
      <Filter>addons\ofxDSHapVideoPlayer\src</Filter>
    </ClInclude>
    <ClInclude Include="..\..\..\addons\ofxDSHapVideoPlayer\src\DSUncompressedSampleGrabber.h">
      <Filter>addons\ofxDSHapVideoPlayer\src</Filter>
    </ClInclude>
    <ClInclude Include="..\..\..\addons\ofxDSHapVideoPlayer\src\HapShared.h">
      <Filter>addons\ofxDSHapVideoPlayer\src</Filter>
    </ClInclude>
    <ClInclude Include="..\..\..\addons\ofxDSHapVideoPlayer\src\ofxDSHapVideoPlayer.h">
      <Filter>addons\ofxDSHapVideoPlayer\src</Filter>
    </ClInclude>
    <ClInclude Include="..\..\..\addons\ofxDSHapVideoPlayer\libs\External\DirectShow\BaseClasses\amextra.h">
      <Filter>addons\ofxDSHapVideoPlayer\libs\External\DirectShow\BaseClasses</Filter>
    </ClInclude>
    <ClInclude Include="..\..\..\addons\ofxDSHapVideoPlayer\libs\External\DirectShow\BaseClasses\amfilter.h">
      <Filter>addons\ofxDSHapVideoPlayer\libs\External\DirectShow\BaseClasses</Filter>
    </ClInclude>
    <ClInclude Include="..\..\..\addons\ofxDSHapVideoPlayer\libs\External\DirectShow\BaseClasses\cache.h">
      <Filter>addons\ofxDSHapVideoPlayer\libs\External\DirectShow\BaseClasses</Filter>
    </ClInclude>
    <ClInclude Include="..\..\..\addons\ofxDSHapVideoPlayer\libs\External\DirectShow\BaseClasses\checkbmi.h">
      <Filter>addons\ofxDSHapVideoPlayer\libs\External\DirectShow\BaseClasses</Filter>
    </ClInclude>
    <ClInclude Include="..\..\..\addons\ofxDSHapVideoPlayer\libs\External\DirectShow\BaseClasses\combase.h">
      <Filter>addons\ofxDSHapVideoPlayer\libs\External\DirectShow\BaseClasses</Filter>
    </ClInclude>
    <ClInclude Include="..\..\..\addons\ofxDSHapVideoPlayer\libs\External\DirectShow\BaseClasses\cprop.h">
      <Filter>addons\ofxDSHapVideoPlayer\libs\External\DirectShow\BaseClasses</Filter>
    </ClInclude>
    <ClInclude Include="..\..\..\addons\ofxDSHapVideoPlayer\libs\External\DirectShow\BaseClasses\ctlutil.h">
      <Filter>addons\ofxDSHapVideoPlayer\libs\External\DirectShow\BaseClasses</Filter>
    </ClInclude>
    <ClInclude Include="..\..\..\addons\ofxDSHapVideoPlayer\libs\External\DirectShow\BaseClasses\ddmm.h">
      <Filter>addons\ofxDSHapVideoPlayer\libs\External\DirectShow\BaseClasses</Filter>
    </ClInclude>
    <ClInclude Include="..\..\..\addons\ofxDSHapVideoPlayer\libs\External\DirectShow\BaseClasses\dllsetup.h">
      <Filter>addons\ofxDSHapVideoPlayer\libs\External\DirectShow\BaseClasses</Filter>
    </ClInclude>
    <ClInclude Include="..\..\..\addons\ofxDSHapVideoPlayer\libs\External\DirectShow\BaseClasses\dxmperf.h">
      <Filter>addons\ofxDSHapVideoPlayer\libs\External\DirectShow\BaseClasses</Filter>
    </ClInclude>
    <ClInclude Include="..\..\..\addons\ofxDSHapVideoPlayer\libs\External\DirectShow\BaseClasses\fourcc.h">
      <Filter>addons\ofxDSHapVideoPlayer\libs\External\DirectShow\BaseClasses</Filter>
    </ClInclude>
    <ClInclude Include="..\..\..\addons\ofxDSHapVideoPlayer\libs\External\DirectShow\BaseClasses\measure.h">
      <Filter>addons\ofxDSHapVideoPlayer\libs\External\DirectShow\BaseClasses</Filter>
    </ClInclude>
    <ClInclude Include="..\..\..\addons\ofxDSHapVideoPlayer\libs\External\DirectShow\BaseClasses\msgthrd.h">
      <Filter>addons\ofxDSHapVideoPlayer\libs\External\DirectShow\BaseClasses</Filter>
    </ClInclude>
    <ClInclude Include="..\..\..\addons\ofxDSHapVideoPlayer\libs\External\DirectShow\BaseClasses\mtype.h">
      <Filter>addons\ofxDSHapVideoPlayer\libs\External\DirectShow\BaseClasses</Filter>
    </ClInclude>
    <ClInclude Include="..\..\..\addons\ofxDSHapVideoPlayer\libs\External\DirectShow\BaseClasses\outputq.h">
      <Filter>addons\ofxDSHapVideoPlayer\libs\External\DirectShow\BaseClasses</Filter>
    </ClInclude>
    <ClInclude Include="..\..\..\addons\ofxDSHapVideoPlayer\libs\External\DirectShow\BaseClasses\perflog.h">
      <Filter>addons\ofxDSHapVideoPlayer\libs\External\DirectShow\BaseClasses</Filter>
    </ClInclude>
    <ClInclude Include="..\..\..\addons\ofxDSHapVideoPlayer\libs\External\DirectShow\BaseClasses\perfstruct.h">
      <Filter>addons\ofxDSHapVideoPlayer\libs\External\DirectShow\BaseClasses</Filter>
    </ClInclude>
    <ClInclude Include="..\..\..\addons\ofxDSHapVideoPlayer\libs\External\DirectShow\BaseClasses\pstream.h">
      <Filter>addons\ofxDSHapVideoPlayer\libs\External\DirectShow\BaseClasses</Filter>
    </ClInclude>
    <ClInclude Include="..\..\..\addons\ofxDSHapVideoPlayer\libs\External\DirectShow\BaseClasses\pullpin.h">
      <Filter>addons\ofxDSHapVideoPlayer\libs\External\DirectShow\BaseClasses</Filter>
    </ClInclude>
    <ClInclude Include="..\..\..\addons\ofxDSHapVideoPlayer\libs\External\DirectShow\BaseClasses\refclock.h">
      <Filter>addons\ofxDSHapVideoPlayer\libs\External\DirectShow\BaseClasses</Filter>
    </ClInclude>
    <ClInclude Include="..\..\..\addons\ofxDSHapVideoPlayer\libs\External\DirectShow\BaseClasses\reftime.h">
      <Filter>addons\ofxDSHapVideoPlayer\libs\External\DirectShow\BaseClasses</Filter>
    </ClInclude>
    <ClInclude Include="..\..\..\addons\ofxDSHapVideoPlayer\libs\External\DirectShow\BaseClasses\renbase.h">
      <Filter>addons\ofxDSHapVideoPlayer\libs\External\DirectShow\BaseClasses</Filter>
    </ClInclude>
    <ClInclude Include="..\..\..\addons\ofxDSHapVideoPlayer\libs\External\DirectShow\BaseClasses\schedule.h">
      <Filter>addons\ofxDSHapVideoPlayer\libs\External\DirectShow\BaseClasses</Filter>
    </ClInclude>
    <ClInclude Include="..\..\..\addons\ofxDSHapVideoPlayer\libs\External\DirectShow\BaseClasses\seekpt.h">
      <Filter>addons\ofxDSHapVideoPlayer\libs\External\DirectShow\BaseClasses</Filter>
    </ClInclude>
    <ClInclude Include="..\..\..\addons\ofxDSHapVideoPlayer\libs\External\DirectShow\BaseClasses\source.h">
      <Filter>addons\ofxDSHapVideoPlayer\libs\External\DirectShow\BaseClasses</Filter>
    </ClInclude>
    <ClInclude Include="..\..\..\addons\ofxDSHapVideoPlayer\libs\External\DirectShow\BaseClasses\streams.h">
      <Filter>addons\ofxDSHapVideoPlayer\libs\External\DirectShow\BaseClasses</Filter>
    </ClInclude>
    <ClInclude Include="..\..\..\addons\ofxDSHapVideoPlayer\libs\External\DirectShow\BaseClasses\strmctl.h">
      <Filter>addons\ofxDSHapVideoPlayer\libs\External\DirectShow\BaseClasses</Filter>
    </ClInclude>
    <ClInclude Include="..\..\..\addons\ofxDSHapVideoPlayer\libs\External\DirectShow\BaseClasses\sysclock.h">
      <Filter>addons\ofxDSHapVideoPlayer\libs\External\DirectShow\BaseClasses</Filter>
    </ClInclude>
    <ClInclude Include="..\..\..\addons\ofxDSHapVideoPlayer\libs\External\DirectShow\BaseClasses\transfrm.h">
      <Filter>addons\ofxDSHapVideoPlayer\libs\External\DirectShow\BaseClasses</Filter>
    </ClInclude>
    <ClInclude Include="..\..\..\addons\ofxDSHapVideoPlayer\libs\External\DirectShow\BaseClasses\transip.h">
      <Filter>addons\ofxDSHapVideoPlayer\libs\External\DirectShow\BaseClasses</Filter>
    </ClInclude>
    <ClInclude Include="..\..\..\addons\ofxDSHapVideoPlayer\libs\External\DirectShow\BaseClasses\videoctl.h">
      <Filter>addons\ofxDSHapVideoPlayer\libs\External\DirectShow\BaseClasses</Filter>
    </ClInclude>
    <ClInclude Include="..\..\..\addons\ofxDSHapVideoPlayer\libs\External\DirectShow\BaseClasses\vtrans.h">
      <Filter>addons\ofxDSHapVideoPlayer\libs\External\DirectShow\BaseClasses</Filter>
    </ClInclude>
    <ClInclude Include="..\..\..\addons\ofxDSHapVideoPlayer\libs\External\DirectShow\BaseClasses\winctrl.h">
      <Filter>addons\ofxDSHapVideoPlayer\libs\External\DirectShow\BaseClasses</Filter>
    </ClInclude>
    <ClInclude Include="..\..\..\addons\ofxDSHapVideoPlayer\libs\External\DirectShow\BaseClasses\winutil.h">
      <Filter>addons\ofxDSHapVideoPlayer\libs\External\DirectShow\BaseClasses</Filter>
    </ClInclude>
    <ClInclude Include="..\..\..\addons\ofxDSHapVideoPlayer\libs\External\DirectShow\BaseClasses\wxdebug.h">
      <Filter>addons\ofxDSHapVideoPlayer\libs\External\DirectShow\BaseClasses</Filter>
    </ClInclude>
    <ClInclude Include="..\..\..\addons\ofxDSHapVideoPlayer\libs\External\DirectShow\BaseClasses\wxlist.h">
      <Filter>addons\ofxDSHapVideoPlayer\libs\External\DirectShow\BaseClasses</Filter>
    </ClInclude>
    <ClInclude Include="..\..\..\addons\ofxDSHapVideoPlayer\libs\External\DirectShow\BaseClasses\wxutil.h">
      <Filter>addons\ofxDSHapVideoPlayer\libs\External\DirectShow\BaseClasses</Filter>
    </ClInclude>
    <ClInclude Include="..\..\..\addons\ofxDSHapVideoPlayer\libs\External\snappy\config.h">
      <Filter>addons\ofxDSHapVideoPlayer\libs\External\snappy</Filter>
    </ClInclude>
    <ClInclude Include="..\..\..\addons\ofxDSHapVideoPlayer\libs\External\snappy\snappy-c.h">
      <Filter>addons\ofxDSHapVideoPlayer\libs\External\snappy</Filter>
    </ClInclude>
    <ClInclude Include="..\..\..\addons\ofxDSHapVideoPlayer\libs\External\snappy\snappy-internal.h">
      <Filter>addons\ofxDSHapVideoPlayer\libs\External\snappy</Filter>
    </ClInclude>
    <ClInclude Include="..\..\..\addons\ofxDSHapVideoPlayer\libs\External\snappy\snappy-sinksource.h">
      <Filter>addons\ofxDSHapVideoPlayer\libs\External\snappy</Filter>
    </ClInclude>
    <ClInclude Include="..\..\..\addons\ofxDSHapVideoPlayer\libs\External\snappy\snappy-stubs-internal.h">
      <Filter>addons\ofxDSHapVideoPlayer\libs\External\snappy</Filter>
    </ClInclude>
    <ClInclude Include="..\..\..\addons\ofxDSHapVideoPlayer\libs\External\snappy\snappy-stubs-public.h">
      <Filter>addons\ofxDSHapVideoPlayer\libs\External\snappy</Filter>
    </ClInclude>
    <ClInclude Include="..\..\..\addons\ofxDSHapVideoPlayer\libs\External\snappy\snappy.h">
      <Filter>addons\ofxDSHapVideoPlayer\libs\External\snappy</Filter>
    </ClInclude>
    <ClInclude Include="..\..\..\addons\ofxGui\src\ofxBaseGui.h">
      <Filter>addons\ofxGui\src</Filter>
    </ClInclude>
    <ClInclude Include="..\..\..\addons\ofxGui\src\ofxButton.h">
      <Filter>addons\ofxGui\src</Filter>
    </ClInclude>
    <ClInclude Include="..\..\..\addons\ofxGui\src\ofxGui.h">
      <Filter>addons\ofxGui\src</Filter>
    </ClInclude>
    <ClInclude Include="..\..\..\addons\ofxGui\src\ofxGuiGroup.h">
      <Filter>addons\ofxGui\src</Filter>
    </ClInclude>
    <ClInclude Include="..\..\..\addons\ofxGui\src\ofxLabel.h">
      <Filter>addons\ofxGui\src</Filter>
    </ClInclude>
    <ClInclude Include="..\..\..\addons\ofxGui\src\ofxPanel.h">
      <Filter>addons\ofxGui\src</Filter>
    </ClInclude>
    <ClInclude Include="..\..\..\addons\ofxGui\src\ofxSlider.h">
      <Filter>addons\ofxGui\src</Filter>
    </ClInclude>
    <ClInclude Include="..\..\..\addons\ofxGui\src\ofxSliderGroup.h">
      <Filter>addons\ofxGui\src</Filter>
    </ClInclude>
    <ClInclude Include="..\..\..\addons\ofxGui\src\ofxToggle.h">
      <Filter>addons\ofxGui\src</Filter>
    </ClInclude>
    <ClInclude Include="..\..\..\addons\ofxLayerMask\src\ofxLayerMask.h">
      <Filter>addons\ofxLayerMask\src</Filter>
    </ClInclude>
    <ClInclude Include="..\..\..\addons\ofxNetwork\src\ofxNetwork.h">
      <Filter>addons\ofxNetwork\src</Filter>
    </ClInclude>
    <ClInclude Include="..\..\..\addons\ofxNetwork\src\ofxNetworkUtils.h">
      <Filter>addons\ofxNetwork\src</Filter>
    </ClInclude>
    <ClInclude Include="..\..\..\addons\ofxNetwork\src\ofxTCPClient.h">
      <Filter>addons\ofxNetwork\src</Filter>
    </ClInclude>
    <ClInclude Include="..\..\..\addons\ofxNetwork\src\ofxTCPManager.h">
      <Filter>addons\ofxNetwork\src</Filter>
    </ClInclude>
    <ClInclude Include="..\..\..\addons\ofxNetwork\src\ofxTCPServer.h">
      <Filter>addons\ofxNetwork\src</Filter>
    </ClInclude>
    <ClInclude Include="..\..\..\addons\ofxNetwork\src\ofxUDPManager.h">
      <Filter>addons\ofxNetwork\src</Filter>
    </ClInclude>
    <ClInclude Include="..\..\..\addons\ofxXmlSettings\src\ofxXmlSettings.h">
      <Filter>addons\ofxXmlSettings\src</Filter>
    </ClInclude>
    <ClInclude Include="..\..\..\addons\ofxXmlSettings\libs\tinyxml.h">
      <Filter>addons\ofxXmlSettings\libs</Filter>
    </ClInclude>
    <ClInclude Include="src\constParameter.h">
      <Filter>src</Filter>
    </ClInclude>
    <ClInclude Include="src\squareUnit.h">
      <Filter>src\square</Filter>
    </ClInclude>
    <ClInclude Include="src\squareMgr.h">
      <Filter>src\square</Filter>
    </ClInclude>
    <ClInclude Include="src\ofProjectorApp.h">
      <Filter>src</Filter>
    </ClInclude>
    <ClInclude Include="src\ofViewApp.h">
      <Filter>src</Filter>
    </ClInclude>
    <ClInclude Include="src\draw\drawer.h">
      <Filter>src\drawer</Filter>
    </ClInclude>
    <ClInclude Include="src\draw\DFlash.h">
      <Filter>src\drawer\DElement</Filter>
    </ClInclude>
    <ClInclude Include="src\draw\DBase.h">
      <Filter>src\drawer\base</Filter>
    </ClInclude>
    <ClInclude Include="src\draw\DType.h">
      <Filter>src\drawer\base</Filter>
    </ClInclude>
    <ClInclude Include="src\SBase.h">
      <Filter>src\scence\base</Filter>
    </ClInclude>
    <ClInclude Include="src\SType.h">
      <Filter>src\scence\base</Filter>
    </ClInclude>
    <ClInclude Include="src\STest.h">
      <Filter>src\scence\SElement</Filter>
    </ClInclude>
    <ClInclude Include="src\scence.h">
      <Filter>src\scence</Filter>
    </ClInclude>
    <ClInclude Include="src\draw\DLife.h">
      <Filter>src\drawer\DElement</Filter>
    </ClInclude>
    <ClInclude Include="src\draw\DECA.h">
      <Filter>src\drawer\DElement</Filter>
    </ClInclude>
    <ClInclude Include="..\..\..\addons\ofxPostGlitch\src\ofxPostGlitch.h">
      <Filter>addons\ofxPostGlitch\src</Filter>
    </ClInclude>
    <ClInclude Include="..\..\..\addons\ofxPostProcessing\src\LUTPass.h">
      <Filter>addons\ofxPostProcssing\src</Filter>
    </ClInclude>
    <ClInclude Include="..\..\..\addons\ofxPostProcessing\src\NoiseWarpPass.h">
      <Filter>addons\ofxPostProcssing\src</Filter>
    </ClInclude>
    <ClInclude Include="..\..\..\addons\ofxPostProcessing\src\ofxPostProcessing.h">
      <Filter>addons\ofxPostProcssing\src</Filter>
    </ClInclude>
    <ClInclude Include="..\..\..\addons\ofxPostProcessing\src\PixelatePass.h">
      <Filter>addons\ofxPostProcssing\src</Filter>
    </ClInclude>
    <ClInclude Include="..\..\..\addons\ofxPostProcessing\src\PostProcessing.h">
      <Filter>addons\ofxPostProcssing\src</Filter>
    </ClInclude>
    <ClInclude Include="..\..\..\addons\ofxPostProcessing\src\RenderPass.h">
      <Filter>addons\ofxPostProcssing\src</Filter>
    </ClInclude>
    <ClInclude Include="..\..\..\addons\ofxPostProcessing\src\RGBShiftPass.h">
      <Filter>addons\ofxPostProcssing\src</Filter>
    </ClInclude>
    <ClInclude Include="..\..\..\addons\ofxPostProcessing\src\RimHighlightingPass.h">
      <Filter>addons\ofxPostProcssing\src</Filter>
    </ClInclude>
    <ClInclude Include="..\..\..\addons\ofxPostProcessing\src\SSAOPass.h">
      <Filter>addons\ofxPostProcssing\src</Filter>
    </ClInclude>
    <ClInclude Include="..\..\..\addons\ofxPostProcessing\src\ToonPass.h">
      <Filter>addons\ofxPostProcssing\src</Filter>
    </ClInclude>
    <ClInclude Include="..\..\..\addons\ofxPostProcessing\src\VerticalTiltShifPass.h">
      <Filter>addons\ofxPostProcssing\src</Filter>
    </ClInclude>
    <ClInclude Include="..\..\..\addons\ofxPostProcessing\src\ZoomBlurPass.h">
      <Filter>addons\ofxPostProcssing\src</Filter>
    </ClInclude>
    <ClInclude Include="..\..\..\addons\ofxPostProcessing\src\BleachBypassPass.h">
      <Filter>addons\ofxPostProcssing\src</Filter>
    </ClInclude>
    <ClInclude Include="..\..\..\addons\ofxPostProcessing\src\BloomPass.h">
      <Filter>addons\ofxPostProcssing\src</Filter>
    </ClInclude>
    <ClInclude Include="..\..\..\addons\ofxPostProcessing\src\ContrastPass.h">
      <Filter>addons\ofxPostProcssing\src</Filter>
    </ClInclude>
    <ClInclude Include="..\..\..\addons\ofxPostProcessing\src\ConvolutionPass.h">
      <Filter>addons\ofxPostProcssing\src</Filter>
    </ClInclude>
    <ClInclude Include="..\..\..\addons\ofxPostProcessing\src\DofAltPass.h">
      <Filter>addons\ofxPostProcssing\src</Filter>
    </ClInclude>
    <ClInclude Include="..\..\..\addons\ofxPostProcessing\src\DofPass.h">
      <Filter>addons\ofxPostProcssing\src</Filter>
    </ClInclude>
    <ClInclude Include="..\..\..\addons\ofxPostProcessing\src\EdgePass.h">
      <Filter>addons\ofxPostProcssing\src</Filter>
    </ClInclude>
    <ClInclude Include="..\..\..\addons\ofxPostProcessing\src\FakeSSSPass.h">
      <Filter>addons\ofxPostProcssing\src</Filter>
    </ClInclude>
    <ClInclude Include="..\..\..\addons\ofxPostProcessing\src\FxaaPass.h">
      <Filter>addons\ofxPostProcssing\src</Filter>
    </ClInclude>
    <ClInclude Include="..\..\..\addons\ofxPostProcessing\src\GodRaysPass.h">
      <Filter>addons\ofxPostProcssing\src</Filter>
    </ClInclude>
    <ClInclude Include="..\..\..\addons\ofxPostProcessing\src\HorizontalTiltShifPass.h">
      <Filter>addons\ofxPostProcssing\src</Filter>
    </ClInclude>
    <ClInclude Include="..\..\..\addons\ofxPostProcessing\src\HsbShiftPass.h">
      <Filter>addons\ofxPostProcssing\src</Filter>
    </ClInclude>
    <ClInclude Include="..\..\..\addons\ofxPostProcessing\src\KaleidoscopePass.h">
      <Filter>addons\ofxPostProcssing\src</Filter>
    </ClInclude>
    <ClInclude Include="..\..\..\addons\ofxPostProcessing\src\LimbDarkeningPass.h">
      <Filter>addons\ofxPostProcssing\src</Filter>
    </ClInclude>
    <ClInclude Include="src\glitchFilter.h">
      <Filter>src\filter</Filter>
    </ClInclude>
    <ClInclude Include="src\draw\DCircleLine.h">
      <Filter>src\drawer\DElement</Filter>
    </ClInclude>
    <ClInclude Include="src\draw\DSphareParticle.h">
      <Filter>src\drawer\DElement</Filter>
    </ClInclude>
    <ClInclude Include="src\draw\DCylinderFlow.h">
      <Filter>src\drawer\DElement</Filter>
    </ClInclude>
    <ClInclude Include="src\draw\DDepthRect.h">
      <Filter>src\drawer\DElement</Filter>
    </ClInclude>
    <ClInclude Include="src\draw\DStar.h">
      <Filter>src\drawer\DElement</Filter>
    </ClInclude>
    <ClInclude Include="src\ofxKMarchingCubes\ofxKMarchingCubes.h">
      <Filter>src\ofxKMarchingCubes</Filter>
    </ClInclude>
    <ClInclude Include="src\ofxKMarchingCubes\ofxKMarchingCubesTables.h">
      <Filter>src\ofxKMarchingCubes</Filter>
    </ClInclude>
    <ClInclude Include="src\draw\DMetaball3D.h">
      <Filter>src\drawer\DElement</Filter>
    </ClInclude>
    <ClInclude Include="src\draw\DPingPong.h">
      <Filter>src\drawer\DElement</Filter>
    </ClInclude>
    <ClInclude Include="src\draw\DMandelbrotSet.h">
      <Filter>src\drawer\DElement</Filter>
    </ClInclude>
    <ClInclude Include="src\draw\DJuliaSet.h">
      <Filter>src\drawer\DElement</Filter>
    </ClInclude>
    <ClInclude Include="src\draw\DTexturePrimitive.h">
      <Filter>src\drawer\DElement</Filter>
    </ClInclude>
    <ClInclude Include="src\draw\DAudioMesh.h">
      <Filter>src\drawer\DElement</Filter>
    </ClInclude>
    <ClInclude Include="src\draw\DMoveRect.h">
      <Filter>src\drawer\DElement</Filter>
    </ClInclude>
    <ClInclude Include="src\videoMgr.h">
      <Filter>src\videoMgr</Filter>
    </ClInclude>
  </ItemGroup>
  <ItemGroup>
    <ResourceCompile Include="icon.rc" />
  </ItemGroup>
  <ItemGroup>
    <None Include="shaderSrc\MandelbrotSet\shadersGL2\mandelbrot.frag">
      <Filter>shader\mandelbrot\GL2</Filter>
    </None>
    <None Include="shaderSrc\MandelbrotSet\shadersGL2\mandelbrot.vert">
      <Filter>shader\mandelbrot\GL2</Filter>
    </None>
    <None Include="shaderSrc\MandelbrotSet\shadersGL3\mandelbrot.frag">
      <Filter>shader\mandelbrot\GL3</Filter>
    </None>
    <None Include="shaderSrc\MandelbrotSet\shadersGL3\mandelbrot.vert">
      <Filter>shader\mandelbrot\GL3</Filter>
    </None>
    <None Include="shaderSrc\JuliaSet\shadersGL2\julia.frag">
      <Filter>shader\julia\GL2</Filter>
    </None>
    <None Include="shaderSrc\JuliaSet\shadersGL2\julia.vert">
      <Filter>shader\julia\GL2</Filter>
    </None>
    <None Include="shaderSrc\JuliaSet\shadersGL3\julia.frag">
      <Filter>shader\julia\GL3</Filter>
    </None>
    <None Include="shaderSrc\JuliaSet\shadersGL3\julia.vert">
      <Filter>shader\julia\GL3</Filter>
    </None>
  </ItemGroup>
</Project>